
Microsoft Visual Studio Solution File, Format Version 12.00
# Visual Studio Version 17
VisualStudioVersion = 17.8.34330.188
MinimumVisualStudioVersion = 10.0.40219.1
Project("{FAE04EC0-301F-11D3-BF4B-00C04F79EFBC}") = "Assignment2", "Assignment2\Assignment2.csproj", "{34607A50-76B8-4B2E-9B66-ADB063FCF424}"
EndProject
Global
	GlobalSection(SolutionConfigurationPlatforms) = preSolution
		Debug|Any CPU = Debug|Any CPU
		Release|Any CPU = Release|Any CPU
	EndGlobalSection
	GlobalSection(ProjectConfigurationPlatforms) = postSolution
		{34607A50-76B8-4B2E-9B66-ADB063FCF424}.Debug|Any CPU.ActiveCfg = Debug|Any CPU
		{34607A50-76B8-4B2E-9B66-ADB063FCF424}.Debug|Any CPU.Build.0 = Debug|Any CPU
		{34607A50-76B8-4B2E-9B66-ADB063FCF424}.Release|Any CPU.ActiveCfg = Release|Any CPU
		{34607A50-76B8-4B2E-9B66-ADB063FCF424}.Release|Any CPU.Build.0 = Release|Any CPU
	EndGlobalSection
	GlobalSection(SolutionProperties) = preSolution
		HideSolutionNode = FALSE
	EndGlobalSection
	GlobalSection(ExtensibilityGlobals) = postSolution
		SolutionGuid = {23C98F38-5F74-457A-B583-E1334F19E42B}
	EndGlobalSection
EndGlobal
