
Microsoft Visual Studio Solution File, Format Version 12.00
# Visual Studio Version 17
VisualStudioVersion = 17.8.34330.188
MinimumVisualStudioVersion = 10.0.40219.1
Project("{FAE04EC0-301F-11D3-BF4B-00C04F79EFBC}") = "ConsoleApp1", "ConsoleApp1\ConsoleApp1.csproj", "{A0D1F7C7-BEF4-4EE1-B45F-82834C839367}"
EndProject
Global
	GlobalSection(SolutionConfigurationPlatforms) = preSolution
		Debug|Any CPU = Debug|Any CPU
		Release|Any CPU = Release|Any CPU
	EndGlobalSection
	GlobalSection(ProjectConfigurationPlatforms) = postSolution
		{A0D1F7C7-BEF4-4EE1-B45F-82834C839367}.Debug|Any CPU.ActiveCfg = Debug|Any CPU
		{A0D1F7C7-BEF4-4EE1-B45F-82834C839367}.Debug|Any CPU.Build.0 = Debug|Any CPU
		{A0D1F7C7-BEF4-4EE1-B45F-82834C839367}.Release|Any CPU.ActiveCfg = Release|Any CPU
		{A0D1F7C7-BEF4-4EE1-B45F-82834C839367}.Release|Any CPU.Build.0 = Release|Any CPU
	EndGlobalSection
	GlobalSection(SolutionProperties) = preSolution
		HideSolutionNode = FALSE
	EndGlobalSection
	GlobalSection(ExtensibilityGlobals) = postSolution
		SolutionGuid = {4FFA60C4-0E1F-4081-9B29-E55F814402A7}
	EndGlobalSection
EndGlobal
